
Microsoft Visual Studio Solution File, Format Version 12.00
# Visual Studio 15
VisualStudioVersion = 15.0.27004.2008
MinimumVisualStudioVersion = 10.0.40219.1
Project("{D954291E-2A0B-460D-934E-DC6B0785DB48}") = "Wayar", "Wayar\Wayar\Wayar.shproj", "{054A0930-781F-4DA4-BDBA-D695BDD8F981}"
EndProject
Project("{FAE04EC0-301F-11D3-BF4B-00C04F79EFBC}") = "Wayar.Android", "Wayar\Wayar.Android\Wayar.Android.csproj", "{1E73F9A5-5DCC-4C01-99CF-E669DC0D8AD0}"
EndProject
Project("{FAE04EC0-301F-11D3-BF4B-00C04F79EFBC}") = "Wayar.iOS", "Wayar\Wayar.iOS\Wayar.iOS.csproj", "{00C3140F-B423-4BAD-A148-81E25A5DD7F7}"
EndProject
Project("{FAE04EC0-301F-11D3-BF4B-00C04F79EFBC}") = "Wayar.UWP", "Wayar\Wayar.UWP\Wayar.UWP.csproj", "{3C671404-2B05-4C1D-AD00-EF94670A6AA1}"
EndProject
Global
	GlobalSection(SharedMSBuildProjectFiles) = preSolution
		Wayar\Wayar\Wayar.projitems*{00c3140f-b423-4bad-a148-81e25a5dd7f7}*SharedItemsImports = 4
		Wayar\Wayar\Wayar.projitems*{054a0930-781f-4da4-bdba-d695bdd8f981}*SharedItemsImports = 13
		Wayar\Wayar\Wayar.projitems*{1e73f9a5-5dcc-4c01-99cf-e669dc0d8ad0}*SharedItemsImports = 4
	EndGlobalSection
	GlobalSection(SolutionConfigurationPlatforms) = preSolution
		Ad-Hoc|Any CPU = Ad-Hoc|Any CPU
		Ad-Hoc|ARM = Ad-Hoc|ARM
		Ad-Hoc|iPhone = Ad-Hoc|iPhone
		Ad-Hoc|iPhoneSimulator = Ad-Hoc|iPhoneSimulator
		Ad-Hoc|x64 = Ad-Hoc|x64
		Ad-Hoc|x86 = Ad-Hoc|x86
		AppStore|Any CPU = AppStore|Any CPU
		AppStore|ARM = AppStore|ARM
		AppStore|iPhone = AppStore|iPhone
		AppStore|iPhoneSimulator = AppStore|iPhoneSimulator
		AppStore|x64 = AppStore|x64
		AppStore|x86 = AppStore|x86
		Debug|Any CPU = Debug|Any CPU
		Debug|ARM = Debug|ARM
		Debug|iPhone = Debug|iPhone
		Debug|iPhoneSimulator = Debug|iPhoneSimulator
		Debug|x64 = Debug|x64
		Debug|x86 = Debug|x86
		Release|Any CPU = Release|Any CPU
		Release|ARM = Release|ARM
		Release|iPhone = Release|iPhone
		Release|iPhoneSimulator = Release|iPhoneSimulator
		Release|x64 = Release|x64
		Release|x86 = Release|x86
	EndGlobalSection
	GlobalSection(ProjectConfigurationPlatforms) = postSolution
		{1E73F9A5-5DCC-4C01-99CF-E669DC0D8AD0}.Ad-Hoc|Any CPU.ActiveCfg = Release|Any CPU
		{1E73F9A5-5DCC-4C01-99CF-E669DC0D8AD0}.Ad-Hoc|Any CPU.Build.0 = Release|Any CPU
		{1E73F9A5-5DCC-4C01-99CF-E669DC0D8AD0}.Ad-Hoc|Any CPU.Deploy.0 = Release|Any CPU
		{1E73F9A5-5DCC-4C01-99CF-E669DC0D8AD0}.Ad-Hoc|ARM.ActiveCfg = Release|Any CPU
		{1E73F9A5-5DCC-4C01-99CF-E669DC0D8AD0}.Ad-Hoc|ARM.Build.0 = Release|Any CPU
		{1E73F9A5-5DCC-4C01-99CF-E669DC0D8AD0}.Ad-Hoc|ARM.Deploy.0 = Release|Any CPU
		{1E73F9A5-5DCC-4C01-99CF-E669DC0D8AD0}.Ad-Hoc|iPhone.ActiveCfg = Release|Any CPU
		{1E73F9A5-5DCC-4C01-99CF-E669DC0D8AD0}.Ad-Hoc|iPhone.Build.0 = Release|Any CPU
		{1E73F9A5-5DCC-4C01-99CF-E669DC0D8AD0}.Ad-Hoc|iPhone.Deploy.0 = Release|Any CPU
		{1E73F9A5-5DCC-4C01-99CF-E669DC0D8AD0}.Ad-Hoc|iPhoneSimulator.ActiveCfg = Release|Any CPU
		{1E73F9A5-5DCC-4C01-99CF-E669DC0D8AD0}.Ad-Hoc|iPhoneSimulator.Build.0 = Release|Any CPU
		{1E73F9A5-5DCC-4C01-99CF-E669DC0D8AD0}.Ad-Hoc|iPhoneSimulator.Deploy.0 = Release|Any CPU
		{1E73F9A5-5DCC-4C01-99CF-E669DC0D8AD0}.Ad-Hoc|x64.ActiveCfg = Release|Any CPU
		{1E73F9A5-5DCC-4C01-99CF-E669DC0D8AD0}.Ad-Hoc|x64.Build.0 = Release|Any CPU
		{1E73F9A5-5DCC-4C01-99CF-E669DC0D8AD0}.Ad-Hoc|x64.Deploy.0 = Release|Any CPU
		{1E73F9A5-5DCC-4C01-99CF-E669DC0D8AD0}.Ad-Hoc|x86.ActiveCfg = Release|Any CPU
		{1E73F9A5-5DCC-4C01-99CF-E669DC0D8AD0}.Ad-Hoc|x86.Build.0 = Release|Any CPU
		{1E73F9A5-5DCC-4C01-99CF-E669DC0D8AD0}.Ad-Hoc|x86.Deploy.0 = Release|Any CPU
		{1E73F9A5-5DCC-4C01-99CF-E669DC0D8AD0}.AppStore|Any CPU.ActiveCfg = Release|Any CPU
		{1E73F9A5-5DCC-4C01-99CF-E669DC0D8AD0}.AppStore|Any CPU.Build.0 = Release|Any CPU
		{1E73F9A5-5DCC-4C01-99CF-E669DC0D8AD0}.AppStore|Any CPU.Deploy.0 = Release|Any CPU
		{1E73F9A5-5DCC-4C01-99CF-E669DC0D8AD0}.AppStore|ARM.ActiveCfg = Release|Any CPU
		{1E73F9A5-5DCC-4C01-99CF-E669DC0D8AD0}.AppStore|ARM.Build.0 = Release|Any CPU
		{1E73F9A5-5DCC-4C01-99CF-E669DC0D8AD0}.AppStore|ARM.Deploy.0 = Release|Any CPU
		{1E73F9A5-5DCC-4C01-99CF-E669DC0D8AD0}.AppStore|iPhone.ActiveCfg = Release|Any CPU
		{1E73F9A5-5DCC-4C01-99CF-E669DC0D8AD0}.AppStore|iPhone.Build.0 = Release|Any CPU
		{1E73F9A5-5DCC-4C01-99CF-E669DC0D8AD0}.AppStore|iPhone.Deploy.0 = Release|Any CPU
		{1E73F9A5-5DCC-4C01-99CF-E669DC0D8AD0}.AppStore|iPhoneSimulator.ActiveCfg = Release|Any CPU
		{1E73F9A5-5DCC-4C01-99CF-E669DC0D8AD0}.AppStore|iPhoneSimulator.Build.0 = Release|Any CPU
		{1E73F9A5-5DCC-4C01-99CF-E669DC0D8AD0}.AppStore|iPhoneSimulator.Deploy.0 = Release|Any CPU
		{1E73F9A5-5DCC-4C01-99CF-E669DC0D8AD0}.AppStore|x64.ActiveCfg = Release|Any CPU
		{1E73F9A5-5DCC-4C01-99CF-E669DC0D8AD0}.AppStore|x64.Build.0 = Release|Any CPU
		{1E73F9A5-5DCC-4C01-99CF-E669DC0D8AD0}.AppStore|x64.Deploy.0 = Release|Any CPU
		{1E73F9A5-5DCC-4C01-99CF-E669DC0D8AD0}.AppStore|x86.ActiveCfg = Release|Any CPU
		{1E73F9A5-5DCC-4C01-99CF-E669DC0D8AD0}.AppStore|x86.Build.0 = Release|Any CPU
		{1E73F9A5-5DCC-4C01-99CF-E669DC0D8AD0}.AppStore|x86.Deploy.0 = Release|Any CPU
		{1E73F9A5-5DCC-4C01-99CF-E669DC0D8AD0}.Debug|Any CPU.ActiveCfg = Debug|Any CPU
		{1E73F9A5-5DCC-4C01-99CF-E669DC0D8AD0}.Debug|Any CPU.Build.0 = Debug|Any CPU
		{1E73F9A5-5DCC-4C01-99CF-E669DC0D8AD0}.Debug|Any CPU.Deploy.0 = Debug|Any CPU
		{1E73F9A5-5DCC-4C01-99CF-E669DC0D8AD0}.Debug|ARM.ActiveCfg = Debug|Any CPU
		{1E73F9A5-5DCC-4C01-99CF-E669DC0D8AD0}.Debug|ARM.Build.0 = Debug|Any CPU
		{1E73F9A5-5DCC-4C01-99CF-E669DC0D8AD0}.Debug|ARM.Deploy.0 = Debug|Any CPU
		{1E73F9A5-5DCC-4C01-99CF-E669DC0D8AD0}.Debug|iPhone.ActiveCfg = Debug|Any CPU
		{1E73F9A5-5DCC-4C01-99CF-E669DC0D8AD0}.Debug|iPhone.Build.0 = Debug|Any CPU
		{1E73F9A5-5DCC-4C01-99CF-E669DC0D8AD0}.Debug|iPhone.Deploy.0 = Debug|Any CPU
		{1E73F9A5-5DCC-4C01-99CF-E669DC0D8AD0}.Debug|iPhoneSimulator.ActiveCfg = Debug|Any CPU
		{1E73F9A5-5DCC-4C01-99CF-E669DC0D8AD0}.Debug|iPhoneSimulator.Build.0 = Debug|Any CPU
		{1E73F9A5-5DCC-4C01-99CF-E669DC0D8AD0}.Debug|iPhoneSimulator.Deploy.0 = Debug|Any CPU
		{1E73F9A5-5DCC-4C01-99CF-E669DC0D8AD0}.Debug|x64.ActiveCfg = Debug|Any CPU
		{1E73F9A5-5DCC-4C01-99CF-E669DC0D8AD0}.Debug|x64.Build.0 = Debug|Any CPU
		{1E73F9A5-5DCC-4C01-99CF-E669DC0D8AD0}.Debug|x64.Deploy.0 = Debug|Any CPU
		{1E73F9A5-5DCC-4C01-99CF-E669DC0D8AD0}.Debug|x86.ActiveCfg = Debug|Any CPU
		{1E73F9A5-5DCC-4C01-99CF-E669DC0D8AD0}.Debug|x86.Build.0 = Debug|Any CPU
		{1E73F9A5-5DCC-4C01-99CF-E669DC0D8AD0}.Debug|x86.Deploy.0 = Debug|Any CPU
		{1E73F9A5-5DCC-4C01-99CF-E669DC0D8AD0}.Release|Any CPU.ActiveCfg = Release|Any CPU
		{1E73F9A5-5DCC-4C01-99CF-E669DC0D8AD0}.Release|Any CPU.Build.0 = Release|Any CPU
		{1E73F9A5-5DCC-4C01-99CF-E669DC0D8AD0}.Release|Any CPU.Deploy.0 = Release|Any CPU
		{1E73F9A5-5DCC-4C01-99CF-E669DC0D8AD0}.Release|ARM.ActiveCfg = Release|Any CPU
		{1E73F9A5-5DCC-4C01-99CF-E669DC0D8AD0}.Release|ARM.Build.0 = Release|Any CPU
		{1E73F9A5-5DCC-4C01-99CF-E669DC0D8AD0}.Release|ARM.Deploy.0 = Release|Any CPU
		{1E73F9A5-5DCC-4C01-99CF-E669DC0D8AD0}.Release|iPhone.ActiveCfg = Release|Any CPU
		{1E73F9A5-5DCC-4C01-99CF-E669DC0D8AD0}.Release|iPhone.Build.0 = Release|Any CPU
		{1E73F9A5-5DCC-4C01-99CF-E669DC0D8AD0}.Release|iPhone.Deploy.0 = Release|Any CPU
		{1E73F9A5-5DCC-4C01-99CF-E669DC0D8AD0}.Release|iPhoneSimulator.ActiveCfg = Release|Any CPU
		{1E73F9A5-5DCC-4C01-99CF-E669DC0D8AD0}.Release|iPhoneSimulator.Build.0 = Release|Any CPU
		{1E73F9A5-5DCC-4C01-99CF-E669DC0D8AD0}.Release|iPhoneSimulator.Deploy.0 = Release|Any CPU
		{1E73F9A5-5DCC-4C01-99CF-E669DC0D8AD0}.Release|x64.ActiveCfg = Release|Any CPU
		{1E73F9A5-5DCC-4C01-99CF-E669DC0D8AD0}.Release|x64.Build.0 = Release|Any CPU
		{1E73F9A5-5DCC-4C01-99CF-E669DC0D8AD0}.Release|x64.Deploy.0 = Release|Any CPU
		{1E73F9A5-5DCC-4C01-99CF-E669DC0D8AD0}.Release|x86.ActiveCfg = Release|Any CPU
		{1E73F9A5-5DCC-4C01-99CF-E669DC0D8AD0}.Release|x86.Build.0 = Release|Any CPU
		{1E73F9A5-5DCC-4C01-99CF-E669DC0D8AD0}.Release|x86.Deploy.0 = Release|Any CPU
		{00C3140F-B423-4BAD-A148-81E25A5DD7F7}.Ad-Hoc|Any CPU.ActiveCfg = Ad-Hoc|iPhoneSimulator
		{00C3140F-B423-4BAD-A148-81E25A5DD7F7}.Ad-Hoc|ARM.ActiveCfg = Ad-Hoc|iPhone
		{00C3140F-B423-4BAD-A148-81E25A5DD7F7}.Ad-Hoc|iPhone.ActiveCfg = Ad-Hoc|iPhone
		{00C3140F-B423-4BAD-A148-81E25A5DD7F7}.Ad-Hoc|iPhone.Build.0 = Ad-Hoc|iPhone
		{00C3140F-B423-4BAD-A148-81E25A5DD7F7}.Ad-Hoc|iPhoneSimulator.ActiveCfg = Ad-Hoc|iPhoneSimulator
		{00C3140F-B423-4BAD-A148-81E25A5DD7F7}.Ad-Hoc|iPhoneSimulator.Build.0 = Ad-Hoc|iPhoneSimulator
		{00C3140F-B423-4BAD-A148-81E25A5DD7F7}.Ad-Hoc|x64.ActiveCfg = Ad-Hoc|iPhone
		{00C3140F-B423-4BAD-A148-81E25A5DD7F7}.Ad-Hoc|x86.ActiveCfg = Ad-Hoc|iPhone
		{00C3140F-B423-4BAD-A148-81E25A5DD7F7}.AppStore|Any CPU.ActiveCfg = AppStore|iPhoneSimulator
		{00C3140F-B423-4BAD-A148-81E25A5DD7F7}.AppStore|ARM.ActiveCfg = AppStore|iPhone
		{00C3140F-B423-4BAD-A148-81E25A5DD7F7}.AppStore|iPhone.ActiveCfg = AppStore|iPhone
		{00C3140F-B423-4BAD-A148-81E25A5DD7F7}.AppStore|iPhone.Build.0 = AppStore|iPhone
		{00C3140F-B423-4BAD-A148-81E25A5DD7F7}.AppStore|iPhoneSimulator.ActiveCfg = AppStore|iPhoneSimulator
		{00C3140F-B423-4BAD-A148-81E25A5DD7F7}.AppStore|iPhoneSimulator.Build.0 = AppStore|iPhoneSimulator
		{00C3140F-B423-4BAD-A148-81E25A5DD7F7}.AppStore|x64.ActiveCfg = AppStore|iPhone
		{00C3140F-B423-4BAD-A148-81E25A5DD7F7}.AppStore|x86.ActiveCfg = AppStore|iPhone
		{00C3140F-B423-4BAD-A148-81E25A5DD7F7}.Debug|Any CPU.ActiveCfg = Debug|iPhoneSimulator
		{00C3140F-B423-4BAD-A148-81E25A5DD7F7}.Debug|ARM.ActiveCfg = Debug|iPhone
		{00C3140F-B423-4BAD-A148-81E25A5DD7F7}.Debug|iPhone.ActiveCfg = Debug|iPhone
		{00C3140F-B423-4BAD-A148-81E25A5DD7F7}.Debug|iPhone.Build.0 = Debug|iPhone
		{00C3140F-B423-4BAD-A148-81E25A5DD7F7}.Debug|iPhoneSimulator.ActiveCfg = Debug|iPhoneSimulator
		{00C3140F-B423-4BAD-A148-81E25A5DD7F7}.Debug|iPhoneSimulator.Build.0 = Debug|iPhoneSimulator
		{00C3140F-B423-4BAD-A148-81E25A5DD7F7}.Debug|x64.ActiveCfg = Debug|iPhone
		{00C3140F-B423-4BAD-A148-81E25A5DD7F7}.Debug|x86.ActiveCfg = Debug|iPhone
		{00C3140F-B423-4BAD-A148-81E25A5DD7F7}.Release|Any CPU.ActiveCfg = Release|iPhoneSimulator
		{00C3140F-B423-4BAD-A148-81E25A5DD7F7}.Release|ARM.ActiveCfg = Release|iPhone
		{00C3140F-B423-4BAD-A148-81E25A5DD7F7}.Release|iPhone.ActiveCfg = Release|iPhone
		{00C3140F-B423-4BAD-A148-81E25A5DD7F7}.Release|iPhone.Build.0 = Release|iPhone
		{00C3140F-B423-4BAD-A148-81E25A5DD7F7}.Release|iPhoneSimulator.ActiveCfg = Release|iPhoneSimulator
		{00C3140F-B423-4BAD-A148-81E25A5DD7F7}.Release|iPhoneSimulator.Build.0 = Release|iPhoneSimulator
		{00C3140F-B423-4BAD-A148-81E25A5DD7F7}.Release|x64.ActiveCfg = Release|iPhone
		{00C3140F-B423-4BAD-A148-81E25A5DD7F7}.Release|x86.ActiveCfg = Release|iPhone
		{3C671404-2B05-4C1D-AD00-EF94670A6AA1}.Ad-Hoc|Any CPU.ActiveCfg = Release|x86
		{3C671404-2B05-4C1D-AD00-EF94670A6AA1}.Ad-Hoc|Any CPU.Build.0 = Release|x86
		{3C671404-2B05-4C1D-AD00-EF94670A6AA1}.Ad-Hoc|Any CPU.Deploy.0 = Release|x86
		{3C671404-2B05-4C1D-AD00-EF94670A6AA1}.Ad-Hoc|ARM.ActiveCfg = Release|ARM
		{3C671404-2B05-4C1D-AD00-EF94670A6AA1}.Ad-Hoc|ARM.Build.0 = Release|ARM
		{3C671404-2B05-4C1D-AD00-EF94670A6AA1}.Ad-Hoc|ARM.Deploy.0 = Release|ARM
		{3C671404-2B05-4C1D-AD00-EF94670A6AA1}.Ad-Hoc|iPhone.ActiveCfg = Release|x86
		{3C671404-2B05-4C1D-AD00-EF94670A6AA1}.Ad-Hoc|iPhone.Build.0 = Release|x86
		{3C671404-2B05-4C1D-AD00-EF94670A6AA1}.Ad-Hoc|iPhone.Deploy.0 = Release|x86
		{3C671404-2B05-4C1D-AD00-EF94670A6AA1}.Ad-Hoc|iPhoneSimulator.ActiveCfg = Release|x86
		{3C671404-2B05-4C1D-AD00-EF94670A6AA1}.Ad-Hoc|iPhoneSimulator.Build.0 = Release|x86
		{3C671404-2B05-4C1D-AD00-EF94670A6AA1}.Ad-Hoc|iPhoneSimulator.Deploy.0 = Release|x86
		{3C671404-2B05-4C1D-AD00-EF94670A6AA1}.Ad-Hoc|x64.ActiveCfg = Release|x64
		{3C671404-2B05-4C1D-AD00-EF94670A6AA1}.Ad-Hoc|x64.Build.0 = Release|x64
		{3C671404-2B05-4C1D-AD00-EF94670A6AA1}.Ad-Hoc|x64.Deploy.0 = Release|x64
		{3C671404-2B05-4C1D-AD00-EF94670A6AA1}.Ad-Hoc|x86.ActiveCfg = Release|x86
		{3C671404-2B05-4C1D-AD00-EF94670A6AA1}.Ad-Hoc|x86.Build.0 = Release|x86
		{3C671404-2B05-4C1D-AD00-EF94670A6AA1}.Ad-Hoc|x86.Deploy.0 = Release|x86
		{3C671404-2B05-4C1D-AD00-EF94670A6AA1}.AppStore|Any CPU.ActiveCfg = Release|x86
		{3C671404-2B05-4C1D-AD00-EF94670A6AA1}.AppStore|Any CPU.Build.0 = Release|x86
		{3C671404-2B05-4C1D-AD00-EF94670A6AA1}.AppStore|Any CPU.Deploy.0 = Release|x86
		{3C671404-2B05-4C1D-AD00-EF94670A6AA1}.AppStore|ARM.ActiveCfg = Release|ARM
		{3C671404-2B05-4C1D-AD00-EF94670A6AA1}.AppStore|ARM.Build.0 = Release|ARM
		{3C671404-2B05-4C1D-AD00-EF94670A6AA1}.AppStore|ARM.Deploy.0 = Release|ARM
		{3C671404-2B05-4C1D-AD00-EF94670A6AA1}.AppStore|iPhone.ActiveCfg = Release|x86
		{3C671404-2B05-4C1D-AD00-EF94670A6AA1}.AppStore|iPhone.Build.0 = Release|x86
		{3C671404-2B05-4C1D-AD00-EF94670A6AA1}.AppStore|iPhone.Deploy.0 = Release|x86
		{3C671404-2B05-4C1D-AD00-EF94670A6AA1}.AppStore|iPhoneSimulator.ActiveCfg = Release|x86
		{3C671404-2B05-4C1D-AD00-EF94670A6AA1}.AppStore|iPhoneSimulator.Build.0 = Release|x86
		{3C671404-2B05-4C1D-AD00-EF94670A6AA1}.AppStore|iPhoneSimulator.Deploy.0 = Release|x86
		{3C671404-2B05-4C1D-AD00-EF94670A6AA1}.AppStore|x64.ActiveCfg = Release|x64
		{3C671404-2B05-4C1D-AD00-EF94670A6AA1}.AppStore|x64.Build.0 = Release|x64
		{3C671404-2B05-4C1D-AD00-EF94670A6AA1}.AppStore|x64.Deploy.0 = Release|x64
		{3C671404-2B05-4C1D-AD00-EF94670A6AA1}.AppStore|x86.ActiveCfg = Release|x86
		{3C671404-2B05-4C1D-AD00-EF94670A6AA1}.AppStore|x86.Build.0 = Release|x86
		{3C671404-2B05-4C1D-AD00-EF94670A6AA1}.AppStore|x86.Deploy.0 = Release|x86
		{3C671404-2B05-4C1D-AD00-EF94670A6AA1}.Debug|Any CPU.ActiveCfg = Debug|x86
		{3C671404-2B05-4C1D-AD00-EF94670A6AA1}.Debug|ARM.ActiveCfg = Debug|ARM
		{3C671404-2B05-4C1D-AD00-EF94670A6AA1}.Debug|ARM.Build.0 = Debug|ARM
		{3C671404-2B05-4C1D-AD00-EF94670A6AA1}.Debug|ARM.Deploy.0 = Debug|ARM
		{3C671404-2B05-4C1D-AD00-EF94670A6AA1}.Debug|iPhone.ActiveCfg = Debug|x86
		{3C671404-2B05-4C1D-AD00-EF94670A6AA1}.Debug|iPhoneSimulator.ActiveCfg = Debug|x86
		{3C671404-2B05-4C1D-AD00-EF94670A6AA1}.Debug|x64.ActiveCfg = Debug|x64
		{3C671404-2B05-4C1D-AD00-EF94670A6AA1}.Debug|x64.Build.0 = Debug|x64
		{3C671404-2B05-4C1D-AD00-EF94670A6AA1}.Debug|x64.Deploy.0 = Debug|x64
		{3C671404-2B05-4C1D-AD00-EF94670A6AA1}.Debug|x86.ActiveCfg = Debug|x86
		{3C671404-2B05-4C1D-AD00-EF94670A6AA1}.Debug|x86.Build.0 = Debug|x86
		{3C671404-2B05-4C1D-AD00-EF94670A6AA1}.Debug|x86.Deploy.0 = Debug|x86
		{3C671404-2B05-4C1D-AD00-EF94670A6AA1}.Release|Any CPU.ActiveCfg = Release|x86
		{3C671404-2B05-4C1D-AD00-EF94670A6AA1}.Release|ARM.ActiveCfg = Release|ARM
		{3C671404-2B05-4C1D-AD00-EF94670A6AA1}.Release|ARM.Build.0 = Release|ARM
		{3C671404-2B05-4C1D-AD00-EF94670A6AA1}.Release|ARM.Deploy.0 = Release|ARM
		{3C671404-2B05-4C1D-AD00-EF94670A6AA1}.Release|iPhone.ActiveCfg = Release|x86
		{3C671404-2B05-4C1D-AD00-EF94670A6AA1}.Release|iPhoneSimulator.ActiveCfg = Release|x86
		{3C671404-2B05-4C1D-AD00-EF94670A6AA1}.Release|x64.ActiveCfg = Release|x64
		{3C671404-2B05-4C1D-AD00-EF94670A6AA1}.Release|x64.Build.0 = Release|x64
		{3C671404-2B05-4C1D-AD00-EF94670A6AA1}.Release|x64.Deploy.0 = Release|x64
		{3C671404-2B05-4C1D-AD00-EF94670A6AA1}.Release|x86.ActiveCfg = Release|x86
		{3C671404-2B05-4C1D-AD00-EF94670A6AA1}.Release|x86.Build.0 = Release|x86
		{3C671404-2B05-4C1D-AD00-EF94670A6AA1}.Release|x86.Deploy.0 = Release|x86
	EndGlobalSection
	GlobalSection(SolutionProperties) = preSolution
		HideSolutionNode = FALSE
	EndGlobalSection
	GlobalSection(ExtensibilityGlobals) = postSolution
		SolutionGuid = {08167117-F340-4BE9-AD5A-85540DA51A7C}
	EndGlobalSection
EndGlobal
